
Microsoft Visual Studio Solution File, Format Version 12.00
# Visual Studio 15
VisualStudioVersion = 15.0.28307.168
MinimumVisualStudioVersion = 10.0.40219.1
Project("{FAE04EC0-301F-11D3-BF4B-00C04F79EFBC}") = "gameoflife-kata", "gameoflife-kata\gameoflife-kata.csproj", "{7717F07E-DB0A-479D-BF29-F70394C60AF7}"
EndProject
Project("{FAE04EC0-301F-11D3-BF4B-00C04F79EFBC}") = "gameoflife-kata-tests", "gameoflife-kata-tests\gameoflife-kata-tests.csproj", "{2AFE2588-6E54-42A0-892B-162119688F79}"
EndProject
Global
	GlobalSection(SolutionConfigurationPlatforms) = preSolution
		Debug|Any CPU = Debug|Any CPU
		Release|Any CPU = Release|Any CPU
	EndGlobalSection
	GlobalSection(ProjectConfigurationPlatforms) = postSolution
		{7717F07E-DB0A-479D-BF29-F70394C60AF7}.Debug|Any CPU.ActiveCfg = Debug|Any CPU
		{7717F07E-DB0A-479D-BF29-F70394C60AF7}.Debug|Any CPU.Build.0 = Debug|Any CPU
		{7717F07E-DB0A-479D-BF29-F70394C60AF7}.Release|Any CPU.ActiveCfg = Release|Any CPU
		{7717F07E-DB0A-479D-BF29-F70394C60AF7}.Release|Any CPU.Build.0 = Release|Any CPU
		{2AFE2588-6E54-42A0-892B-162119688F79}.Debug|Any CPU.ActiveCfg = Debug|Any CPU
		{2AFE2588-6E54-42A0-892B-162119688F79}.Debug|Any CPU.Build.0 = Debug|Any CPU
		{2AFE2588-6E54-42A0-892B-162119688F79}.Release|Any CPU.ActiveCfg = Release|Any CPU
		{2AFE2588-6E54-42A0-892B-162119688F79}.Release|Any CPU.Build.0 = Release|Any CPU
	EndGlobalSection
	GlobalSection(SolutionProperties) = preSolution
		HideSolutionNode = FALSE
	EndGlobalSection
	GlobalSection(ExtensibilityGlobals) = postSolution
		SolutionGuid = {571EEC27-8C93-4CA6-841E-8E496C623A8F}
	EndGlobalSection
EndGlobal
